{
    "requires": true,
    "lockfileVersion": 1,
    "dependencies": {
        "inputmask": {
            "version": "5.0.0-beta.258",
            "resolved": "https://registry.npmjs.org/inputmask/-/inputmask-5.0.0-beta.258.tgz",
            "integrity": "sha512-iuhWinH+OU+Bp2Ak/VCpPvj2y4yoXMBhjO7WdpNelQiwfZiGFHHsmq85U1Ao+jkPj7IUYGQCWJpbkmW3vc7rKg=="
        },
        "jquery": {
            "version": "3.4.1",
            "resolved": "https://registry.npmjs.org/jquery/-/jquery-3.4.1.tgz",
            "integrity": "sha512-36+AdBzCL+y6qjw5Tx7HgzeGCzC81MDDgaUP8ld2zhx58HdqXGoBd+tHdrBMiyjGQs0Hxs/MLZTu/eHNJJuWPw==",
            "dev": true
        },
        "jquery-mask-plugin": {
            "version": "1.14.16",
            "resolved": "https://registry.npmjs.org/jquery-mask-plugin/-/jquery-mask-plugin-1.14.16.tgz",
            "integrity": "sha512-reywdHlYEkPbzWjTpcc1fk9XQ3PLvO5dzEAVqy8zI7NTF22tB1HbeU3iboZTLdkBEPaWAqeI2HtEjsGQ4roZKw=="
        },
        "tabbyjs": {
            "version": "12.0.3",
            "resolved": "https://registry.npmjs.org/tabbyjs/-/tabbyjs-12.0.3.tgz",
            "integrity": "sha512-PrXMS5s+qOAEZiLef8H+4PT2nnrKKE1FOwlkI7LzVn0Ui9Nk1+Yidr1bQEO6UF+JtsztPfVbeA2aFgd0pwpEhg=="
        }
    }
}
